{
  "nodes": {
    "nixpkgs-multiverse": {
      "flake": false,
      "locked": {
        "lastModified": 1787074064,
        "narHash": "sha256-qlSpEyE9yIwVrEu636Rr/f+XD5Gxfu4S6rcboFi+ej4=",
        "owner": "fzakaria",
        "repo": "nixpkgs-multiverse",
        "rev": "a35e1becd0d97074647655211e8acdf1bdbf7f11",
        "type": "github"
      },
      "original": {
        "owner": "fzakaria",
        "repo": "nixpkgs-multiverse",
        "type": "github"
      }
    },
    "root": {
      "inputs": {
        "nixpkgs-multiverse": "nixpkgs-multiverse"
      }
    }
  },
  "root": "root",
  "version": 7
}
