{
  "nodes": {
    "nixpkgs-multiverse": {
      "flake": false,
      "locked": {
        "lastModified": 1786579065,
        "narHash": "sha256-hBqKv6XK20UMHDdusnjBBdw4mKDeJQNo5g/VMjTdaZs=",
        "owner": "fzakaria",
        "repo": "nixpkgs-multiverse",
        "rev": "1455148765ccc8d1ff15a9d416b97c2203a46e34",
        "type": "github"
      },
      "original": {
        "owner": "fzakaria",
        "repo": "nixpkgs-multiverse",
        "type": "github"
      }
    },
    "root": {
      "inputs": {
        "nixpkgs-multiverse": "nixpkgs-multiverse"
      }
    }
  },
  "root": "root",
  "version": 7
}
